
Microsoft Visual Studio Solution File, Format Version 12.00
# Visual Studio Version 16
VisualStudioVersion = 16.0.29924.181
MinimumVisualStudioVersion = 10.0.40219.1
Project("{FAE04EC0-301F-11D3-BF4B-00C04F79EFBC}") = "MLNetWinePredictions-Blazor", "MLNetWinePredictions-Blazor\MLNetWinePredictions-Blazor.csproj", "{BBE876F4-E2DE-4532-87ED-75CBFB1AD328}"
EndProject
Global
	GlobalSection(SolutionConfigurationPlatforms) = preSolution
		Debug|Any CPU = Debug|Any CPU
		Release|Any CPU = Release|Any CPU
	EndGlobalSection
	GlobalSection(ProjectConfigurationPlatforms) = postSolution
		{BBE876F4-E2DE-4532-87ED-75CBFB1AD328}.Debug|Any CPU.ActiveCfg = Debug|Any CPU
		{BBE876F4-E2DE-4532-87ED-75CBFB1AD328}.Debug|Any CPU.Build.0 = Debug|Any CPU
		{BBE876F4-E2DE-4532-87ED-75CBFB1AD328}.Release|Any CPU.ActiveCfg = Release|Any CPU
		{BBE876F4-E2DE-4532-87ED-75CBFB1AD328}.Release|Any CPU.Build.0 = Release|Any CPU
	EndGlobalSection
	GlobalSection(SolutionProperties) = preSolution
		HideSolutionNode = FALSE
	EndGlobalSection
	GlobalSection(ExtensibilityGlobals) = postSolution
		SolutionGuid = {E3F0DCF2-54C5-4217-AF8B-47A27C9FD9B9}
	EndGlobalSection
EndGlobal
